{
  "name": "monanyx",
  "version": "1.0.0",
  "lockfileVersion": 3,
  "requires": true,
  "packages": {
    "": {
      "name": "monanyx",
      "version": "1.0.0",
      "license": "ISC",
      "dependencies": {
        "dat-life": "^0.2.0"
      }
    },
    "node_modules/dat-life": {
      "version": "0.2.0",
      "resolved": "https://registry.npmjs.org/dat-life/-/dat-life-0.2.0.tgz",
      "integrity": "sha512-CQNmkroYFMW+LjwwXmI4UJtswaEUZ36YeVDa3Buvyee1CpIV6vAjC7R7DJCGKX37PSNp63n748oLX2Azfft8Rg==",
      "license": "MIT"
    }
  }
}
